
Microsoft Visual Studio Solution File, Format Version 12.00
# Visual Studio Version 17
VisualStudioVersion = 17.2.32516.85
MinimumVisualStudioVersion = 10.0.40219.1
Project("{FAE04EC0-301F-11D3-BF4B-00C04F79EFBC}") = "Tareas", "Tareas\Tareas.csproj", "{3646CE52-6DB6-4176-B490-8810F88C278C}"
EndProject
Global
	GlobalSection(SolutionConfigurationPlatforms) = preSolution
		Debug|Any CPU = Debug|Any CPU
		Release|Any CPU = Release|Any CPU
	EndGlobalSection
	GlobalSection(ProjectConfigurationPlatforms) = postSolution
		{3646CE52-6DB6-4176-B490-8810F88C278C}.Debug|Any CPU.ActiveCfg = Debug|Any CPU
		{3646CE52-6DB6-4176-B490-8810F88C278C}.Debug|Any CPU.Build.0 = Debug|Any CPU
		{3646CE52-6DB6-4176-B490-8810F88C278C}.Release|Any CPU.ActiveCfg = Release|Any CPU
		{3646CE52-6DB6-4176-B490-8810F88C278C}.Release|Any CPU.Build.0 = Release|Any CPU
	EndGlobalSection
	GlobalSection(SolutionProperties) = preSolution
		HideSolutionNode = FALSE
	EndGlobalSection
	GlobalSection(ExtensibilityGlobals) = postSolution
		SolutionGuid = {76E1CE8C-3BEB-43FE-A060-34795585DDAE}
	EndGlobalSection
EndGlobal
